// !$*UTF8*$!
{
	archiveVersion = 1;
	classes = {
	};
	objectVersion = 56;
	objects = {

/* Begin PBXBuildFile section */
		9E5440AFC1B749CB814A559D = {isa = PBXBuildFile; fileRef = 2732293B48C2467C9DC47643 /* PassdotApp.swift */; };
		6A06465F1D5948BB8D3E5F61 = {isa = PBXBuildFile; fileRef = 585E5E12F6B24D319A025EEE /* ContentView.swift */; };
		470A27D618084769ABF3ACA8 = {isa = PBXBuildFile; fileRef = 75299401B500496C86AEB6C2 /* PickupStore.swift */; };
		4FE77D5C64AD4543B822FB5F = {isa = PBXBuildFile; fileRef = 67378C6BC4B34F73866E482F /* DesignTokens.swift */; };
		90D475E428CD4B85BCB36FDA = {isa = PBXBuildFile; fileRef = 29F966C6350041BD89F208C4 /* YearGridView.swift */; };
		FD828945B57141B980109DD1 = {isa = PBXBuildFile; fileRef = 68F14C5A337249788CD59FFD /* BarView.swift */; };
		E2A44BAF22484B3CA57A03E9 = {isa = PBXBuildFile; fileRef = C9FD674056434E48988B549B /* PassdotWidgets.swift */; };
		331AE8EF2AB04280A9246439 = {isa = PBXBuildFile; fileRef = 17B6EDDECFC54A678E854C91 /* Provider.swift */; };
		5240F296A9AE40919D77C085 = {isa = PBXBuildFile; fileRef = AA68016A95DE462185D2AB14 /* PickupEntry.swift */; };
		E65C1EFF09854866B0AEA2D9 = {isa = PBXBuildFile; fileRef = 9E8138179E9345E795E7C75B /* DesignTokens.swift */; };
		9985401018F34CC6AA0711A5 = {isa = PBXBuildFile; fileRef = 2A4E6237206D4BE69C047895 /* YearGridView.swift */; };
		AF25399458F347E4BB5F6135 = {isa = PBXBuildFile; fileRef = 3B32C56FBD4646389B6589F4 /* BarView.swift */; };
		F788D4EDC9BA4E698E37D959 = {isa = PBXBuildFile; fileRef = 985F8DB76B8A4F258EBF468F /* LargeWidgetView.swift */; };
		19FF7F7935354DE9AA6B0D54 = {isa = PBXBuildFile; fileRef = 4B5070C7E167488CB568E8A9 /* MediumWidgetView.swift */; };
		750EE3304C4148D182B0D2DC = {isa = PBXBuildFile; fileRef = 6490CBCA0F5E4D3FB64BD5D9 /* SmallWidgetView.swift */; };
		B5D4C27208D44B36AEED05D5 = {isa = PBXBuildFile; fileRef = 43929E2C8E3B438E9159BA18 /* AccessoryRectView.swift */; };
		EBDFE7DDCF024B60B2276BFB = {isa = PBXBuildFile; fileRef = 0603001F57D64108BC9635D8 /* AccessoryCircularView.swift */; };
		50F794A690D44CE9AACDED5A = {isa = PBXBuildFile; fileRef = 0F3388B2082E4F43B30B24B6 /* Assets.xcassets */; };
		8C28D8D680894352B7184188 = {isa = PBXBuildFile; fileRef = 901AA9E8A1694E9387E9ADAC /* Assets.xcassets */; };
		8A331A152BA640DBB0D1260E = {isa = PBXBuildFile; fileRef = DE43031203A04B8583D59D38 /* PassdotWidgets.appex */; settings = {ATTRIBUTES = (RemoveHeadersOnCopy, ); }; };
		044946530B7046F1ADBB61B8       = {isa = PBXBuildFile; fileRef = 1468CD16527E4C39B68A822E       /* WidgetKit.framework */; };
		5BFD1845D6D4436C8233276E  = {isa = PBXBuildFile; fileRef = 5D73C9172E8441B6AAEE088D  /* SwiftUI.framework */; };
		13CF5D006B6045E4A4E3C2A7  = {isa = PBXBuildFile; fileRef = EDD029AB1A1C42DC8C095DF8  /* SwiftUI.framework */; };
/* End PBXBuildFile section */

/* Begin PBXContainerItemProxy section */
		16D9AB65AB664B3D8BFBB52A = {
			isa = PBXContainerItemProxy;
			containerPortal = 9010096D53BF4F8684EB75CD;
			proxyType = 1;
			remoteGlobalIDString = D6935A5EB54F4B54BC4EAE87;
			remoteInfo = PassdotWidgets;
		};
/* End PBXContainerItemProxy section */

/* Begin PBXCopyFilesBuildPhase section */
		EACF5E761EE64F818ADA697F = {
			isa = PBXCopyFilesBuildPhase;
			buildActionMask = 2147483647;
			dstPath = "";
			dstSubfolderSpec = 13;
			files = (
				8A331A152BA640DBB0D1260E /* PassdotWidgets.appex in Embed Foundation Extensions */,
			);
			name = "Embed Foundation Extensions";
			runOnlyForDeploymentPostprocessing = 0;
		};
/* End PBXCopyFilesBuildPhase section */

/* Begin PBXFileReference section */
		2732293B48C2467C9DC47643 = {isa = PBXFileReference; lastKnownFileType = sourcecode.swift; name = "PassdotApp.swift"; path = "Passdot/PassdotApp.swift"; sourceTree = "<group>"; };
		585E5E12F6B24D319A025EEE = {isa = PBXFileReference; lastKnownFileType = sourcecode.swift; name = "ContentView.swift"; path = "Passdot/ContentView.swift"; sourceTree = "<group>"; };
		75299401B500496C86AEB6C2 = {isa = PBXFileReference; lastKnownFileType = sourcecode.swift; name = "PickupStore.swift"; path = "Passdot/PickupStore.swift"; sourceTree = "<group>"; };
		67378C6BC4B34F73866E482F = {isa = PBXFileReference; lastKnownFileType = sourcecode.swift; name = "DesignTokens.swift"; path = "Passdot/DesignTokens.swift"; sourceTree = "<group>"; };
		29F966C6350041BD89F208C4 = {isa = PBXFileReference; lastKnownFileType = sourcecode.swift; name = "YearGridView.swift"; path = "Passdot/YearGridView.swift"; sourceTree = "<group>"; };
		68F14C5A337249788CD59FFD = {isa = PBXFileReference; lastKnownFileType = sourcecode.swift; name = "BarView.swift"; path = "Passdot/BarView.swift"; sourceTree = "<group>"; };
		C9FD674056434E48988B549B = {isa = PBXFileReference; lastKnownFileType = sourcecode.swift; name = "PassdotWidgets.swift"; path = "PassdotWidgets/PassdotWidgets.swift"; sourceTree = "<group>"; };
		17B6EDDECFC54A678E854C91 = {isa = PBXFileReference; lastKnownFileType = sourcecode.swift; name = "Provider.swift"; path = "PassdotWidgets/Provider.swift"; sourceTree = "<group>"; };
		AA68016A95DE462185D2AB14 = {isa = PBXFileReference; lastKnownFileType = sourcecode.swift; name = "PickupEntry.swift"; path = "PassdotWidgets/PickupEntry.swift"; sourceTree = "<group>"; };
		9E8138179E9345E795E7C75B = {isa = PBXFileReference; lastKnownFileType = sourcecode.swift; name = "DesignTokens.swift"; path = "PassdotWidgets/DesignTokens.swift"; sourceTree = "<group>"; };
		2A4E6237206D4BE69C047895 = {isa = PBXFileReference; lastKnownFileType = sourcecode.swift; name = "YearGridView.swift"; path = "PassdotWidgets/YearGridView.swift"; sourceTree = "<group>"; };
		3B32C56FBD4646389B6589F4 = {isa = PBXFileReference; lastKnownFileType = sourcecode.swift; name = "BarView.swift"; path = "PassdotWidgets/BarView.swift"; sourceTree = "<group>"; };
		985F8DB76B8A4F258EBF468F = {isa = PBXFileReference; lastKnownFileType = sourcecode.swift; name = "LargeWidgetView.swift"; path = "PassdotWidgets/LargeWidgetView.swift"; sourceTree = "<group>"; };
		4B5070C7E167488CB568E8A9 = {isa = PBXFileReference; lastKnownFileType = sourcecode.swift; name = "MediumWidgetView.swift"; path = "PassdotWidgets/MediumWidgetView.swift"; sourceTree = "<group>"; };
		6490CBCA0F5E4D3FB64BD5D9 = {isa = PBXFileReference; lastKnownFileType = sourcecode.swift; name = "SmallWidgetView.swift"; path = "PassdotWidgets/SmallWidgetView.swift"; sourceTree = "<group>"; };
		43929E2C8E3B438E9159BA18 = {isa = PBXFileReference; lastKnownFileType = sourcecode.swift; name = "AccessoryRectView.swift"; path = "PassdotWidgets/AccessoryRectView.swift"; sourceTree = "<group>"; };
		0603001F57D64108BC9635D8 = {isa = PBXFileReference; lastKnownFileType = sourcecode.swift; name = "AccessoryCircularView.swift"; path = "PassdotWidgets/AccessoryCircularView.swift"; sourceTree = "<group>"; };
		0F3388B2082E4F43B30B24B6 = {isa = PBXFileReference; lastKnownFileType = folder.assetcatalog; name = "Assets.xcassets"; path = "Passdot/Assets.xcassets"; sourceTree = "<group>"; };
		901AA9E8A1694E9387E9ADAC = {isa = PBXFileReference; lastKnownFileType = folder.assetcatalog; name = "Assets.xcassets"; path = "PassdotWidgets/Assets.xcassets"; sourceTree = "<group>"; };
		1468CD16527E4C39B68A822E = {isa = PBXFileReference; lastKnownFileType = wrapper.framework; name = WidgetKit.framework; path = System/Library/Frameworks/WidgetKit.framework; sourceTree = SDKROOT; };
		5D73C9172E8441B6AAEE088D = {isa = PBXFileReference; lastKnownFileType = wrapper.framework; name = SwiftUI.framework; path = System/Library/Frameworks/SwiftUI.framework; sourceTree = SDKROOT; };
		EDD029AB1A1C42DC8C095DF8 = {isa = PBXFileReference; lastKnownFileType = wrapper.framework; name = SwiftUI.framework; path = System/Library/Frameworks/SwiftUI.framework; sourceTree = SDKROOT; };
		2E3ACA70F4B64493A5A76987 = {isa = PBXFileReference; explicitFileType = wrapper.application; includeInIndex = 0; path = "Passdot.app"; sourceTree = BUILT_PRODUCTS_DIR; };
		DE43031203A04B8583D59D38 = {isa = PBXFileReference; explicitFileType = "wrapper.app-extension"; includeInIndex = 0; path = "PassdotWidgets.appex"; sourceTree = BUILT_PRODUCTS_DIR; };
/* End PBXFileReference section */

/* Begin PBXFrameworksBuildPhase section */
		45604895DA174508B9526650 = {
			isa = PBXFrameworksBuildPhase;
			buildActionMask = 2147483647;
			files = (
				5BFD1845D6D4436C8233276E /* in Frameworks */,
			);
			runOnlyForDeploymentPostprocessing = 0;
		};
		038C42AB7821461B9C3202B7 = {
			isa = PBXFrameworksBuildPhase;
			buildActionMask = 2147483647;
			files = (
				044946530B7046F1ADBB61B8 /* in Frameworks */,
				13CF5D006B6045E4A4E3C2A7 /* in Frameworks */,
			);
			runOnlyForDeploymentPostprocessing = 0;
		};
/* End PBXFrameworksBuildPhase section */

/* Begin PBXGroup section */
		7E608D17800F4C59B322BB5C = {
			isa = PBXGroup;
			children = (
				FFF9F3E1328D4CE7B7553B4C /* Passdot */,
				83C9D8F2D56D4DC49B775A69 /* PassdotWidgets */,
				D9D5821B32764848923F8A41 /* Products */,
			);
			sourceTree = "<group>";
		};
		FFF9F3E1328D4CE7B7553B4C = {
			isa = PBXGroup;
			children = (
				2732293B48C2467C9DC47643 /* PassdotApp.swift */,
				585E5E12F6B24D319A025EEE /* ContentView.swift */,
				75299401B500496C86AEB6C2 /* PickupStore.swift */,
				67378C6BC4B34F73866E482F /* DesignTokens.swift */,
				29F966C6350041BD89F208C4 /* YearGridView.swift */,
				68F14C5A337249788CD59FFD /* BarView.swift */,
				0F3388B2082E4F43B30B24B6 /* Assets.xcassets */,
			);
			name = Passdot;
			sourceTree = "<group>";
		};
		83C9D8F2D56D4DC49B775A69 = {
			isa = PBXGroup;
			children = (
				C9FD674056434E48988B549B /* PassdotWidgets.swift */,
				17B6EDDECFC54A678E854C91 /* Provider.swift */,
				AA68016A95DE462185D2AB14 /* PickupEntry.swift */,
				9E8138179E9345E795E7C75B /* DesignTokens.swift */,
				2A4E6237206D4BE69C047895 /* YearGridView.swift */,
				3B32C56FBD4646389B6589F4 /* BarView.swift */,
				985F8DB76B8A4F258EBF468F /* LargeWidgetView.swift */,
				4B5070C7E167488CB568E8A9 /* MediumWidgetView.swift */,
				6490CBCA0F5E4D3FB64BD5D9 /* SmallWidgetView.swift */,
				43929E2C8E3B438E9159BA18 /* AccessoryRectView.swift */,
				0603001F57D64108BC9635D8 /* AccessoryCircularView.swift */,
				901AA9E8A1694E9387E9ADAC /* Assets.xcassets */,
			);
			name = PassdotWidgets;
			sourceTree = "<group>";
		};
		D9D5821B32764848923F8A41 = {
			isa = PBXGroup;
			children = (
				2E3ACA70F4B64493A5A76987 /* Passdot.app */,
				DE43031203A04B8583D59D38 /* PassdotWidgets.appex */,
			);
			name = Products;
			sourceTree = "<group>";
		};
/* End PBXGroup section */

/* Begin PBXNativeTarget section */
		B690ADDCBA184077A63A1995 = {
			isa = PBXNativeTarget;
			buildConfigurationList = 3154671AD1A7458AA885D41E;
			buildPhases = (
				4E7FE7DC08C84072896F9FF5 /* Sources */,
				45604895DA174508B9526650 /* Frameworks */,
				4604895BC42E46809EDAD6AA /* Resources */,
				EACF5E761EE64F818ADA697F /* Embed Foundation Extensions */,
			);
			buildRules = ();
			dependencies = (
				50C97B183BEF42EEB6151885 /* PBXTargetDependency */,
			);
			name = Passdot;
			productName = Passdot;
			productReference = 2E3ACA70F4B64493A5A76987 /* Passdot.app */;
			productType = "com.apple.product-type.application";
		};
		D6935A5EB54F4B54BC4EAE87 = {
			isa = PBXNativeTarget;
			buildConfigurationList = 9469647F2AC44C5C9614872A;
			buildPhases = (
				E22F0E20D37141BA83B2DA39 /* Sources */,
				038C42AB7821461B9C3202B7 /* Frameworks */,
				08F5CEBBDCCC4A62AF8526AE /* Resources */,
			);
			buildRules = ();
			dependencies = ();
			name = PassdotWidgets;
			productName = PassdotWidgets;
			productReference = DE43031203A04B8583D59D38 /* PassdotWidgets.appex */;
			productType = "com.apple.product-type.app-extension";
		};
/* End PBXNativeTarget section */

/* Begin PBXProject section */
		9010096D53BF4F8684EB75CD = {
			isa = PBXProject;
			attributes = {
				BuildIndependentTargetsInParallel = 1;
				LastSwiftUpdateCheck = 1540;
				LastUpgradeCheck = 1540;
				TargetAttributes = {
					B690ADDCBA184077A63A1995 = { CreatedOnToolsVersion = 15.4; };
					D6935A5EB54F4B54BC4EAE87 = { CreatedOnToolsVersion = 15.4; };
				};
			};
			buildConfigurationList = A32532CFB472470FA530BED9;
			compatibilityVersion = "Xcode 14.0";
			developmentRegion = en;
			hasScannedForEncodings = 0;
			knownRegions = (en, Base);
			mainGroup = 7E608D17800F4C59B322BB5C;
			productRefGroup = D9D5821B32764848923F8A41 /* Products */;
			projectDirPath = "";
			projectRoot = "";
			targets = (
				B690ADDCBA184077A63A1995 /* Passdot */,
				D6935A5EB54F4B54BC4EAE87 /* PassdotWidgets */,
			);
		};
/* End PBXProject section */

/* Begin PBXResourcesBuildPhase section */
		4604895BC42E46809EDAD6AA = {
			isa = PBXResourcesBuildPhase;
			buildActionMask = 2147483647;
			files = (
				50F794A690D44CE9AACDED5A /* Assets.xcassets in Resources */,
			);
			runOnlyForDeploymentPostprocessing = 0;
		};
		08F5CEBBDCCC4A62AF8526AE = {
			isa = PBXResourcesBuildPhase;
			buildActionMask = 2147483647;
			files = (
				8C28D8D680894352B7184188 /* Assets.xcassets in Resources */,
			);
			runOnlyForDeploymentPostprocessing = 0;
		};
/* End PBXResourcesBuildPhase section */

/* Begin PBXSourcesBuildPhase section */
		4E7FE7DC08C84072896F9FF5 = {
			isa = PBXSourcesBuildPhase;
			buildActionMask = 2147483647;
			files = (
				9E5440AFC1B749CB814A559D /* PassdotApp.swift in Sources */,
				6A06465F1D5948BB8D3E5F61 /* ContentView.swift in Sources */,
				470A27D618084769ABF3ACA8 /* PickupStore.swift in Sources */,
				4FE77D5C64AD4543B822FB5F /* DesignTokens.swift in Sources */,
				90D475E428CD4B85BCB36FDA /* YearGridView.swift in Sources */,
				FD828945B57141B980109DD1 /* BarView.swift in Sources */,
			);
			runOnlyForDeploymentPostprocessing = 0;
		};
		E22F0E20D37141BA83B2DA39 = {
			isa = PBXSourcesBuildPhase;
			buildActionMask = 2147483647;
			files = (
				E2A44BAF22484B3CA57A03E9 /* PassdotWidgets.swift in Sources */,
				331AE8EF2AB04280A9246439 /* Provider.swift in Sources */,
				5240F296A9AE40919D77C085 /* PickupEntry.swift in Sources */,
				E65C1EFF09854866B0AEA2D9 /* DesignTokens.swift in Sources */,
				9985401018F34CC6AA0711A5 /* YearGridView.swift in Sources */,
				AF25399458F347E4BB5F6135 /* BarView.swift in Sources */,
				F788D4EDC9BA4E698E37D959 /* LargeWidgetView.swift in Sources */,
				19FF7F7935354DE9AA6B0D54 /* MediumWidgetView.swift in Sources */,
				750EE3304C4148D182B0D2DC /* SmallWidgetView.swift in Sources */,
				B5D4C27208D44B36AEED05D5 /* AccessoryRectView.swift in Sources */,
				EBDFE7DDCF024B60B2276BFB /* AccessoryCircularView.swift in Sources */,
			);
			runOnlyForDeploymentPostprocessing = 0;
		};
/* End PBXSourcesBuildPhase section */

/* Begin PBXTargetDependency section */
		50C97B183BEF42EEB6151885 = {
			isa = PBXTargetDependency;
			target = D6935A5EB54F4B54BC4EAE87 /* PassdotWidgets */;
			targetProxy = 16D9AB65AB664B3D8BFBB52A;
		};
/* End PBXTargetDependency section */

/* Begin XCBuildConfiguration section */
		59C5951500A347BD8C210244 = {
			isa = XCBuildConfiguration;
			buildSettings = {
				ALWAYS_SEARCH_USER_PATHS = NO;
				CLANG_ENABLE_MODULES = YES;
				COPY_PHASE_STRIP = NO;
				DEBUG_INFORMATION_FORMAT = dwarf;
				ENABLE_NS_ASSERTIONS = YES;
				GCC_C_LANGUAGE_STANDARD = gnu17;
				IPHONEOS_DEPLOYMENT_TARGET = 17.0;
				MTL_ENABLE_DEBUG_INFO = INCLUDE_SOURCE;
				ONLY_ACTIVE_ARCH = YES;
				SDKROOT = iphoneos;
				SWIFT_VERSION = 5.0;
			};
			name = Debug;
		};
		E4B37641DEE54E44A9791130 = {
			isa = XCBuildConfiguration;
			buildSettings = {
				ALWAYS_SEARCH_USER_PATHS = NO;
				CLANG_ENABLE_MODULES = YES;
				COPY_PHASE_STRIP = NO;
				DEBUG_INFORMATION_FORMAT = "dwarf-with-dsym";
				ENABLE_NS_ASSERTIONS = NO;
				GCC_C_LANGUAGE_STANDARD = gnu17;
				IPHONEOS_DEPLOYMENT_TARGET = 17.0;
				MTL_ENABLE_DEBUG_INFO = NO;
				ONLY_ACTIVE_ARCH = NO;
				SDKROOT = iphoneos;
				SWIFT_VERSION = 5.0;
			};
			name = Release;
		};
		9336B8DB5A2046F3A05427D6 = {
			isa = XCBuildConfiguration;
			buildSettings = {
				CODE_SIGN_STYLE = Automatic;
				CURRENT_PROJECT_VERSION = 1;
				DEVELOPMENT_TEAM = "";
				GENERATE_INFOPLIST_FILE = YES;
				INFOPLIST_KEY_UIApplicationSceneManifest_Generation = YES;
				INFOPLIST_KEY_UIApplicationSupportsIndirectInputEvents = YES;
				INFOPLIST_KEY_UILaunchScreen_Generation = YES;
				INFOPLIST_KEY_UISupportedInterfaceOrientations_iPhone = "UIInterfaceOrientationPortrait UIInterfaceOrientationPortraitUpsideDown";
				IPHONEOS_DEPLOYMENT_TARGET = 17.0;
				MARKETING_VERSION = 1.0;
				PRODUCT_BUNDLE_IDENTIFIER = com.passdot.app;
				PRODUCT_NAME = "$(TARGET_NAME)";
				SDKROOT = iphoneos;
				SWIFT_EMIT_LOC_STRINGS = YES;
				SWIFT_VERSION = 5.0;
				TARGETED_DEVICE_FAMILY = 1;
			};
			name = Debug;
		};
		9A78264983CD4318A4EC23DA = {
			isa = XCBuildConfiguration;
			buildSettings = {
				CODE_SIGN_STYLE = Automatic;
				CURRENT_PROJECT_VERSION = 1;
				DEVELOPMENT_TEAM = "";
				GENERATE_INFOPLIST_FILE = YES;
				INFOPLIST_KEY_UIApplicationSceneManifest_Generation = YES;
				INFOPLIST_KEY_UIApplicationSupportsIndirectInputEvents = YES;
				INFOPLIST_KEY_UILaunchScreen_Generation = YES;
				INFOPLIST_KEY_UISupportedInterfaceOrientations_iPhone = "UIInterfaceOrientationPortrait UIInterfaceOrientationPortraitUpsideDown";
				IPHONEOS_DEPLOYMENT_TARGET = 17.0;
				MARKETING_VERSION = 1.0;
				PRODUCT_BUNDLE_IDENTIFIER = com.passdot.app;
				PRODUCT_NAME = "$(TARGET_NAME)";
				SDKROOT = iphoneos;
				SWIFT_EMIT_LOC_STRINGS = YES;
				SWIFT_VERSION = 5.0;
				TARGETED_DEVICE_FAMILY = 1;
			};
			name = Release;
		};
		2553ACD1EE054B0EA72754E5 = {
			isa = XCBuildConfiguration;
			buildSettings = {
				CODE_SIGN_STYLE = Automatic;
				CURRENT_PROJECT_VERSION = 1;
				DEVELOPMENT_TEAM = "";
				GENERATE_INFOPLIST_FILE = YES;
				INFOPLIST_KEY_NSExtensionPointIdentifier = "com.apple.widgetkit-extension";
				IPHONEOS_DEPLOYMENT_TARGET = 17.0;
				MARKETING_VERSION = 1.0;
				PRODUCT_BUNDLE_IDENTIFIER = com.passdot.app.PassdotWidgets;
				PRODUCT_NAME = "$(TARGET_NAME)";
				SDKROOT = iphoneos;
				SKIP_INSTALL = YES;
				SWIFT_EMIT_LOC_STRINGS = YES;
				SWIFT_VERSION = 5.0;
				TARGETED_DEVICE_FAMILY = 1;
			};
			name = Debug;
		};
		66F25513B467448F8FE4D01A = {
			isa = XCBuildConfiguration;
			buildSettings = {
				CODE_SIGN_STYLE = Automatic;
				CURRENT_PROJECT_VERSION = 1;
				DEVELOPMENT_TEAM = "";
				GENERATE_INFOPLIST_FILE = YES;
				INFOPLIST_KEY_NSExtensionPointIdentifier = "com.apple.widgetkit-extension";
				IPHONEOS_DEPLOYMENT_TARGET = 17.0;
				MARKETING_VERSION = 1.0;
				PRODUCT_BUNDLE_IDENTIFIER = com.passdot.app.PassdotWidgets;
				PRODUCT_NAME = "$(TARGET_NAME)";
				SDKROOT = iphoneos;
				SKIP_INSTALL = YES;
				SWIFT_EMIT_LOC_STRINGS = YES;
				SWIFT_VERSION = 5.0;
				TARGETED_DEVICE_FAMILY = 1;
			};
			name = Release;
		};
/* End XCBuildConfiguration section */

/* Begin XCConfigurationList section */
		A32532CFB472470FA530BED9 = {
			isa = XCConfigurationList;
			buildConfigurations = (
				59C5951500A347BD8C210244 /* Debug */,
				E4B37641DEE54E44A9791130 /* Release */,
			);
			defaultConfigurationIsVisible = 0;
			defaultConfigurationName = Release;
		};
		3154671AD1A7458AA885D41E = {
			isa = XCConfigurationList;
			buildConfigurations = (
				9336B8DB5A2046F3A05427D6 /* Debug */,
				9A78264983CD4318A4EC23DA /* Release */,
			);
			defaultConfigurationIsVisible = 0;
			defaultConfigurationName = Release;
		};
		9469647F2AC44C5C9614872A = {
			isa = XCConfigurationList;
			buildConfigurations = (
				2553ACD1EE054B0EA72754E5 /* Debug */,
				66F25513B467448F8FE4D01A /* Release */,
			);
			defaultConfigurationIsVisible = 0;
			defaultConfigurationName = Release;
		};
/* End XCConfigurationList section */

	};
	rootObject = 9010096D53BF4F8684EB75CD /* Project object */;
}
